# THIS IS AN AUTOGENERATED FILE. DO NOT EDIT THIS FILE DIRECTLY.
# yarn lockfile v1


"@auth0/cosmos-cli@0.0.1":
  version "0.0.1"
  dependencies:
    "@auth0/babel-preset-cosmos" "0.2.4"
    babel-loader "7.1.4"
    execa "0.10.0"
    ora "2.1.0"
    serve "9.1.0"
    webpack "4.12.1"
    webpack-cli "3.0.8"
    yargs "11.0.0"

